// !$*UTF8*$!
{
	archiveVersion = 1;
	classes = {
	};
	objectVersion = 51;
	objects = {

/* Begin PBXBuildFile section */
		2F2A609D289C634500B7EAAF /* MapManager.swift in Sources */ = {isa = PBXBuildFile; fileRef = 2F2A609C289C634500B7EAAF /* MapManager.swift */; };
		2F2A60A5289C816800B7EAAF /* MyPlacesUITests.swift in Sources */ = {isa = PBXBuildFile; fileRef = 2F2A60A4289C816800B7EAAF /* MyPlacesUITests.swift */; };
		2F2A60A7289C816800B7EAAF /* MyPlacesUITestsLaunchTests.swift in Sources */ = {isa = PBXBuildFile; fileRef = 2F2A60A6289C816800B7EAAF /* MyPlacesUITestsLaunchTests.swift */; };
		2F583B9B286B77E000E5FBD5 /* RatingControl.swift in Sources */ = {isa = PBXBuildFile; fileRef = 2F583B9A286B77E000E5FBD5 /* RatingControl.swift */; };
		2F616D772878CD1A003C66F3 /* MapViewController.swift in Sources */ = {isa = PBXBuildFile; fileRef = 2F616D762878CD1A003C66F3 /* MapViewController.swift */; };
		2FC57D20286124C100CD0427 /* StorageManager.swift in Sources */ = {isa = PBXBuildFile; fileRef = 2FC57D1F286124C100CD0427 /* StorageManager.swift */; };
		A82E5BE521A5315800BD5158 /* NewPlaceViewController.swift in Sources */ = {isa = PBXBuildFile; fileRef = A82E5BE421A5315800BD5158 /* NewPlaceViewController.swift */; };
		A895AEC921934CA7006ACC1B /* AppDelegate.swift in Sources */ = {isa = PBXBuildFile; fileRef = A895AEC821934CA7006ACC1B /* AppDelegate.swift */; };
		A895AECE21934CA7006ACC1B /* Main.storyboard in Resources */ = {isa = PBXBuildFile; fileRef = A895AECC21934CA7006ACC1B /* Main.storyboard */; };
		A895AED021934CA8006ACC1B /* Assets.xcassets in Resources */ = {isa = PBXBuildFile; fileRef = A895AECF21934CA8006ACC1B /* Assets.xcassets */; };
		A895AED321934CA8006ACC1B /* LaunchScreen.storyboard in Resources */ = {isa = PBXBuildFile; fileRef = A895AED121934CA8006ACC1B /* LaunchScreen.storyboard */; };
		A895AEDB21934D16006ACC1B /* MainViewController.swift in Sources */ = {isa = PBXBuildFile; fileRef = A895AEDA21934D16006ACC1B /* MainViewController.swift */; };
		A8DB6820219BDB0700CD36D5 /* CustomTableViewCell.swift in Sources */ = {isa = PBXBuildFile; fileRef = A8DB681F219BDB0700CD36D5 /* CustomTableViewCell.swift */; };
		A8DB6865219DA4BE00CD36D5 /* PlaceModel.swift in Sources */ = {isa = PBXBuildFile; fileRef = A8DB6864219DA4BE00CD36D5 /* PlaceModel.swift */; };
		AB202E99A67F47435707E3AA /* Pods_MyPlaces.framework in Frameworks */ = {isa = PBXBuildFile; fileRef = 2A06A76B7C738BC994B9C65F /* Pods_MyPlaces.framework */; };
/* End PBXBuildFile section */

/* Begin PBXContainerItemProxy section */
		2F2A60A8289C816800B7EAAF /* PBXContainerItemProxy */ = {
			isa = PBXContainerItemProxy;
			containerPortal = A895AEBD21934CA7006ACC1B /* Project object */;
			proxyType = 1;
			remoteGlobalIDString = A895AEC421934CA7006ACC1B;
			remoteInfo = MyPlaces;
		};
/* End PBXContainerItemProxy section */

/* Begin PBXFileReference section */
		036F62CECBF6F11C8CFD2F58 /* Pods-MyPlaces.debug.xcconfig */ = {isa = PBXFileReference; includeInIndex = 1; lastKnownFileType = text.xcconfig; name = "Pods-MyPlaces.debug.xcconfig"; path = "Target Support Files/Pods-MyPlaces/Pods-MyPlaces.debug.xcconfig"; sourceTree = "<group>"; };
		2A06A76B7C738BC994B9C65F /* Pods_MyPlaces.framework */ = {isa = PBXFileReference; explicitFileType = wrapper.framework; includeInIndex = 0; path = Pods_MyPlaces.framework; sourceTree = BUILT_PRODUCTS_DIR; };
		2F2A609C289C634500B7EAAF /* MapManager.swift */ = {isa = PBXFileReference; fileEncoding = 4; lastKnownFileType = sourcecode.swift; name = MapManager.swift; path = "../../[SwiftBook] Программирование на Swift/05. Приложение на основе UITableView (Swift 5)/38. Refactoring/MyPlaces/MyPlaces/Helpers/MapManager.swift"; sourceTree = "<group>"; };
		2F2A60A2289C816800B7EAAF /* MyPlacesUITests.xctest */ = {isa = PBXFileReference; explicitFileType = wrapper.cfbundle; includeInIndex = 0; path = MyPlacesUITests.xctest; sourceTree = BUILT_PRODUCTS_DIR; };
		2F2A60A4289C816800B7EAAF /* MyPlacesUITests.swift */ = {isa = PBXFileReference; lastKnownFileType = sourcecode.swift; path = MyPlacesUITests.swift; sourceTree = "<group>"; };
		2F2A60A6289C816800B7EAAF /* MyPlacesUITestsLaunchTests.swift */ = {isa = PBXFileReference; lastKnownFileType = sourcecode.swift; path = MyPlacesUITestsLaunchTests.swift; sourceTree = "<group>"; };
		2F51CF732880D975003A8B39 /* PlistTests.swift */ = {isa = PBXFileReference; lastKnownFileType = sourcecode.swift; path = PlistTests.swift; sourceTree = "<group>"; };
		2F583B9A286B77E000E5FBD5 /* RatingControl.swift */ = {isa = PBXFileReference; lastKnownFileType = sourcecode.swift; path = RatingControl.swift; sourceTree = "<group>"; };
		2F616D762878CD1A003C66F3 /* MapViewController.swift */ = {isa = PBXFileReference; lastKnownFileType = sourcecode.swift; path = MapViewController.swift; sourceTree = "<group>"; };
		2FC57D1F286124C100CD0427 /* StorageManager.swift */ = {isa = PBXFileReference; lastKnownFileType = sourcecode.swift; path = StorageManager.swift; sourceTree = "<group>"; };
		A82E5BE421A5315800BD5158 /* NewPlaceViewController.swift */ = {isa = PBXFileReference; lastKnownFileType = sourcecode.swift; path = NewPlaceViewController.swift; sourceTree = "<group>"; };
		A895AEC521934CA7006ACC1B /* MyPlaces.app */ = {isa = PBXFileReference; explicitFileType = wrapper.application; includeInIndex = 0; path = MyPlaces.app; sourceTree = BUILT_PRODUCTS_DIR; };
		A895AEC821934CA7006ACC1B /* AppDelegate.swift */ = {isa = PBXFileReference; lastKnownFileType = sourcecode.swift; path = AppDelegate.swift; sourceTree = "<group>"; };
		A895AECD21934CA7006ACC1B /* Base */ = {isa = PBXFileReference; lastKnownFileType = file.storyboard; name = Base; path = Base.lproj/Main.storyboard; sourceTree = "<group>"; };
		A895AECF21934CA8006ACC1B /* Assets.xcassets */ = {isa = PBXFileReference; lastKnownFileType = folder.assetcatalog; path = Assets.xcassets; sourceTree = "<group>"; };
		A895AED221934CA8006ACC1B /* Base */ = {isa = PBXFileReference; lastKnownFileType = file.storyboard; name = Base; path = Base.lproj/LaunchScreen.storyboard; sourceTree = "<group>"; };
		A895AED421934CA8006ACC1B /* Info.plist */ = {isa = PBXFileReference; lastKnownFileType = text.plist.xml; path = Info.plist; sourceTree = "<group>"; };
		A895AEDA21934D16006ACC1B /* MainViewController.swift */ = {isa = PBXFileReference; lastKnownFileType = sourcecode.swift; path = MainViewController.swift; sourceTree = "<group>"; };
		A8DB681F219BDB0700CD36D5 /* CustomTableViewCell.swift */ = {isa = PBXFileReference; lastKnownFileType = sourcecode.swift; path = CustomTableViewCell.swift; sourceTree = "<group>"; };
		A8DB6864219DA4BE00CD36D5 /* PlaceModel.swift */ = {isa = PBXFileReference; lastKnownFileType = sourcecode.swift; path = PlaceModel.swift; sourceTree = "<group>"; };
		CDFE14C7CD898F50E2D0CAF5 /* Pods-MyPlaces.release.xcconfig */ = {isa = PBXFileReference; includeInIndex = 1; lastKnownFileType = text.xcconfig; name = "Pods-MyPlaces.release.xcconfig"; path = "Target Support Files/Pods-MyPlaces/Pods-MyPlaces.release.xcconfig"; sourceTree = "<group>"; };
/* End PBXFileReference section */

/* Begin PBXFrameworksBuildPhase section */
		2F2A609F289C816800B7EAAF /* Frameworks */ = {
			isa = PBXFrameworksBuildPhase;
			buildActionMask = 2147483647;
			files = (
			);
			runOnlyForDeploymentPostprocessing = 0;
		};
		A895AEC221934CA7006ACC1B /* Frameworks */ = {
			isa = PBXFrameworksBuildPhase;
			buildActionMask = 2147483647;
			files = (
				AB202E99A67F47435707E3AA /* Pods_MyPlaces.framework in Frameworks */,
			);
			runOnlyForDeploymentPostprocessing = 0;
		};
/* End PBXFrameworksBuildPhase section */

/* Begin PBXGroup section */
		2F2A60A3289C816800B7EAAF /* MyPlacesUITests */ = {
			isa = PBXGroup;
			children = (
				2F2A60A4289C816800B7EAAF /* MyPlacesUITests.swift */,
				2F2A60A6289C816800B7EAAF /* MyPlacesUITestsLaunchTests.swift */,
			);
			path = MyPlacesUITests;
			sourceTree = "<group>";
		};
		2F51CF6A2880D8EB003A8B39 /* MyPlacesTests */ = {
			isa = PBXGroup;
			children = (
				2F51CF722880D939003A8B39 /* Plitst */,
			);
			path = MyPlacesTests;
			sourceTree = "<group>";
		};
		2F51CF722880D939003A8B39 /* Plitst */ = {
			isa = PBXGroup;
			children = (
				2F51CF732880D975003A8B39 /* PlistTests.swift */,
			);
			path = Plitst;
			sourceTree = "<group>";
		};
		A895AEBC21934CA7006ACC1B = {
			isa = PBXGroup;
			children = (
				A895AEC721934CA7006ACC1B /* MyPlaces */,
				2F51CF6A2880D8EB003A8B39 /* MyPlacesTests */,
				2F2A60A3289C816800B7EAAF /* MyPlacesUITests */,
				A895AEC621934CA7006ACC1B /* Products */,
				CAA34EC963690138A96D5F3F /* Pods */,
				B613221A8742EB94785B8B43 /* Frameworks */,
			);
			sourceTree = "<group>";
		};
		A895AEC621934CA7006ACC1B /* Products */ = {
			isa = PBXGroup;
			children = (
				A895AEC521934CA7006ACC1B /* MyPlaces.app */,
				2F2A60A2289C816800B7EAAF /* MyPlacesUITests.xctest */,
			);
			name = Products;
			sourceTree = "<group>";
		};
		A895AEC721934CA7006ACC1B /* MyPlaces */ = {
			isa = PBXGroup;
			children = (
				A895AEC821934CA7006ACC1B /* AppDelegate.swift */,
				A895AEDA21934D16006ACC1B /* MainViewController.swift */,
				A82E5BE421A5315800BD5158 /* NewPlaceViewController.swift */,
				A8DB6864219DA4BE00CD36D5 /* PlaceModel.swift */,
				2FC57D1F286124C100CD0427 /* StorageManager.swift */,
				A8DB681F219BDB0700CD36D5 /* CustomTableViewCell.swift */,
				2F616D762878CD1A003C66F3 /* MapViewController.swift */,
				2F2A609C289C634500B7EAAF /* MapManager.swift */,
				2F583B9A286B77E000E5FBD5 /* RatingControl.swift */,
				A895AECC21934CA7006ACC1B /* Main.storyboard */,
				A895AECF21934CA8006ACC1B /* Assets.xcassets */,
				A895AED121934CA8006ACC1B /* LaunchScreen.storyboard */,
				A895AED421934CA8006ACC1B /* Info.plist */,
			);
			path = MyPlaces;
			sourceTree = "<group>";
		};
		B613221A8742EB94785B8B43 /* Frameworks */ = {
			isa = PBXGroup;
			children = (
				2A06A76B7C738BC994B9C65F /* Pods_MyPlaces.framework */,
			);
			name = Frameworks;
			sourceTree = "<group>";
		};
		CAA34EC963690138A96D5F3F /* Pods */ = {
			isa = PBXGroup;
			children = (
				036F62CECBF6F11C8CFD2F58 /* Pods-MyPlaces.debug.xcconfig */,
				CDFE14C7CD898F50E2D0CAF5 /* Pods-MyPlaces.release.xcconfig */,
			);
			path = Pods;
			sourceTree = "<group>";
		};
/* End PBXGroup section */

/* Begin PBXNativeTarget section */
		2F2A60A1289C816800B7EAAF /* MyPlacesUITests */ = {
			isa = PBXNativeTarget;
			buildConfigurationList = 2F2A60AA289C816800B7EAAF /* Build configuration list for PBXNativeTarget "MyPlacesUITests" */;
			buildPhases = (
				2F2A609E289C816800B7EAAF /* Sources */,
				2F2A609F289C816800B7EAAF /* Frameworks */,
				2F2A60A0289C816800B7EAAF /* Resources */,
			);
			buildRules = (
			);
			dependencies = (
				2F2A60A9289C816800B7EAAF /* PBXTargetDependency */,
			);
			name = MyPlacesUITests;
			productName = MyPlacesUITests;
			productReference = 2F2A60A2289C816800B7EAAF /* MyPlacesUITests.xctest */;
			productType = "com.apple.product-type.bundle.ui-testing";
		};
		A895AEC421934CA7006ACC1B /* MyPlaces */ = {
			isa = PBXNativeTarget;
			buildConfigurationList = A895AED721934CA8006ACC1B /* Build configuration list for PBXNativeTarget "MyPlaces" */;
			buildPhases = (
				974640617BEB5DB6A762B961 /* [CP] Check Pods Manifest.lock */,
				A895AEC121934CA7006ACC1B /* Sources */,
				A895AEC221934CA7006ACC1B /* Frameworks */,
				A895AEC321934CA7006ACC1B /* Resources */,
				C3E613466A94037061021541 /* [CP] Embed Pods Frameworks */,
			);
			buildRules = (
			);
			dependencies = (
			);
			name = MyPlaces;
			packageProductDependencies = (
			);
			productName = MyPlaces;
			productReference = A895AEC521934CA7006ACC1B /* MyPlaces.app */;
			productType = "com.apple.product-type.application";
		};
/* End PBXNativeTarget section */

/* Begin PBXProject section */
		A895AEBD21934CA7006ACC1B /* Project object */ = {
			isa = PBXProject;
			attributes = {
				LastSwiftUpdateCheck = 1340;
				LastUpgradeCheck = 1340;
				ORGANIZATIONNAME = "Alexey Efimov";
				TargetAttributes = {
					2F2A60A1289C816800B7EAAF = {
						CreatedOnToolsVersion = 13.4.1;
						TestTargetID = A895AEC421934CA7006ACC1B;
					};
					A895AEC421934CA7006ACC1B = {
						CreatedOnToolsVersion = 10.1;
						LastSwiftMigration = 1020;
					};
				};
			};
			buildConfigurationList = A895AEC021934CA7006ACC1B /* Build configuration list for PBXProject "MyPlaces" */;
			compatibilityVersion = "Xcode 9.3";
			developmentRegion = en;
			hasScannedForEncodings = 0;
			knownRegions = (
				en,
				Base,
			);
			mainGroup = A895AEBC21934CA7006ACC1B;
			packageReferences = (
			);
			productRefGroup = A895AEC621934CA7006ACC1B /* Products */;
			projectDirPath = "";
			projectRoot = "";
			targets = (
				A895AEC421934CA7006ACC1B /* MyPlaces */,
				2F2A60A1289C816800B7EAAF /* MyPlacesUITests */,
			);
		};
/* End PBXProject section */

/* Begin PBXResourcesBuildPhase section */
		2F2A60A0289C816800B7EAAF /* Resources */ = {
			isa = PBXResourcesBuildPhase;
			buildActionMask = 2147483647;
			files = (
			);
			runOnlyForDeploymentPostprocessing = 0;
		};
		A895AEC321934CA7006ACC1B /* Resources */ = {
			isa = PBXResourcesBuildPhase;
			buildActionMask = 2147483647;
			files = (
				A895AED321934CA8006ACC1B /* LaunchScreen.storyboard in Resources */,
				A895AED021934CA8006ACC1B /* Assets.xcassets in Resources */,
				A895AECE21934CA7006ACC1B /* Main.storyboard in Resources */,
			);
			runOnlyForDeploymentPostprocessing = 0;
		};
/* End PBXResourcesBuildPhase section */

/* Begin PBXShellScriptBuildPhase section */
		974640617BEB5DB6A762B961 /* [CP] Check Pods Manifest.lock */ = {
			isa = PBXShellScriptBuildPhase;
			buildActionMask = 2147483647;
			files = (
			);
			inputFileListPaths = (
			);
			inputPaths = (
				"${PODS_PODFILE_DIR_PATH}/Podfile.lock",
				"${PODS_ROOT}/Manifest.lock",
			);
			name = "[CP] Check Pods Manifest.lock";
			outputFileListPaths = (
			);
			outputPaths = (
				"$(DERIVED_FILE_DIR)/Pods-MyPlaces-checkManifestLockResult.txt",
			);
			runOnlyForDeploymentPostprocessing = 0;
			shellPath = /bin/sh;
			shellScript = "diff \"${PODS_PODFILE_DIR_PATH}/Podfile.lock\" \"${PODS_ROOT}/Manifest.lock\" > /dev/null\nif [ $? != 0 ] ; then\n    # print error to STDERR\n    echo \"error: The sandbox is not in sync with the Podfile.lock. Run 'pod install' or update your CocoaPods installation.\" >&2\n    exit 1\nfi\n# This output is used by Xcode 'outputs' to avoid re-running this script phase.\necho \"SUCCESS\" > \"${SCRIPT_OUTPUT_FILE_0}\"\n";
			showEnvVarsInLog = 0;
		};
		C3E613466A94037061021541 /* [CP] Embed Pods Frameworks */ = {
			isa = PBXShellScriptBuildPhase;
			buildActionMask = 2147483647;
			files = (
			);
			inputFileListPaths = (
				"${PODS_ROOT}/Target Support Files/Pods-MyPlaces/Pods-MyPlaces-frameworks-${CONFIGURATION}-input-files.xcfilelist",
			);
			name = "[CP] Embed Pods Frameworks";
			outputFileListPaths = (
				"${PODS_ROOT}/Target Support Files/Pods-MyPlaces/Pods-MyPlaces-frameworks-${CONFIGURATION}-output-files.xcfilelist",
			);
			runOnlyForDeploymentPostprocessing = 0;
			shellPath = /bin/sh;
			shellScript = "\"${PODS_ROOT}/Target Support Files/Pods-MyPlaces/Pods-MyPlaces-frameworks.sh\"\n";
			showEnvVarsInLog = 0;
		};
/* End PBXShellScriptBuildPhase section */

/* Begin PBXSourcesBuildPhase section */
		2F2A609E289C816800B7EAAF /* Sources */ = {
			isa = PBXSourcesBuildPhase;
			buildActionMask = 2147483647;
			files = (
				2F2A60A7289C816800B7EAAF /* MyPlacesUITestsLaunchTests.swift in Sources */,
				2F2A60A5289C816800B7EAAF /* MyPlacesUITests.swift in Sources */,
			);
			runOnlyForDeploymentPostprocessing = 0;
		};
		A895AEC121934CA7006ACC1B /* Sources */ = {
			isa = PBXSourcesBuildPhase;
			buildActionMask = 2147483647;
			files = (
				2F583B9B286B77E000E5FBD5 /* RatingControl.swift in Sources */,
				A8DB6820219BDB0700CD36D5 /* CustomTableViewCell.swift in Sources */,
				2FC57D20286124C100CD0427 /* StorageManager.swift in Sources */,
				A8DB6865219DA4BE00CD36D5 /* PlaceModel.swift in Sources */,
				2F2A609D289C634500B7EAAF /* MapManager.swift in Sources */,
				A82E5BE521A5315800BD5158 /* NewPlaceViewController.swift in Sources */,
				A895AEC921934CA7006ACC1B /* AppDelegate.swift in Sources */,
				A895AEDB21934D16006ACC1B /* MainViewController.swift in Sources */,
				2F616D772878CD1A003C66F3 /* MapViewController.swift in Sources */,
			);
			runOnlyForDeploymentPostprocessing = 0;
		};
/* End PBXSourcesBuildPhase section */

/* Begin PBXTargetDependency section */
		2F2A60A9289C816800B7EAAF /* PBXTargetDependency */ = {
			isa = PBXTargetDependency;
			target = A895AEC421934CA7006ACC1B /* MyPlaces */;
			targetProxy = 2F2A60A8289C816800B7EAAF /* PBXContainerItemProxy */;
		};
/* End PBXTargetDependency section */

/* Begin PBXVariantGroup section */
		A895AECC21934CA7006ACC1B /* Main.storyboard */ = {
			isa = PBXVariantGroup;
			children = (
				A895AECD21934CA7006ACC1B /* Base */,
			);
			name = Main.storyboard;
			sourceTree = "<group>";
		};
		A895AED121934CA8006ACC1B /* LaunchScreen.storyboard */ = {
			isa = PBXVariantGroup;
			children = (
				A895AED221934CA8006ACC1B /* Base */,
			);
			name = LaunchScreen.storyboard;
			sourceTree = "<group>";
		};
/* End PBXVariantGroup section */

/* Begin XCBuildConfiguration section */
		2F2A60AB289C816800B7EAAF /* Debug */ = {
			isa = XCBuildConfiguration;
			buildSettings = {
				CLANG_CXX_LANGUAGE_STANDARD = "gnu++17";
				CODE_SIGN_STYLE = Automatic;
				CURRENT_PROJECT_VERSION = 1;
				GENERATE_INFOPLIST_FILE = YES;
				IPHONEOS_DEPLOYMENT_TARGET = 15.5;
				MARKETING_VERSION = 1.0;
				PRODUCT_BUNDLE_IDENTIFIER = com.kosarsute.MyPlacesUITests;
				PRODUCT_NAME = "$(TARGET_NAME)";
				SWIFT_EMIT_LOC_STRINGS = NO;
				SWIFT_VERSION = 5.0;
				TARGETED_DEVICE_FAMILY = "1,2";
				TEST_TARGET_NAME = MyPlaces;
			};
			name = Debug;
		};
		2F2A60AC289C816800B7EAAF /* Release */ = {
			isa = XCBuildConfiguration;
			buildSettings = {
				CLANG_CXX_LANGUAGE_STANDARD = "gnu++17";
				CODE_SIGN_STYLE = Automatic;
				CURRENT_PROJECT_VERSION = 1;
				GENERATE_INFOPLIST_FILE = YES;
				IPHONEOS_DEPLOYMENT_TARGET = 15.5;
				MARKETING_VERSION = 1.0;
				PRODUCT_BUNDLE_IDENTIFIER = com.kosarsute.MyPlacesUITests;
				PRODUCT_NAME = "$(TARGET_NAME)";
				SWIFT_EMIT_LOC_STRINGS = NO;
				SWIFT_VERSION = 5.0;
				TARGETED_DEVICE_FAMILY = "1,2";
				TEST_TARGET_NAME = MyPlaces;
			};
			name = Release;
		};
		A895AED521934CA8006ACC1B /* Debug */ = {
			isa = XCBuildConfiguration;
			buildSettings = {
				ALWAYS_SEARCH_USER_PATHS = NO;
				CLANG_ANALYZER_NONNULL = YES;
				CLANG_ANALYZER_NUMBER_OBJECT_CONVERSION = YES_AGGRESSIVE;
				CLANG_CXX_LANGUAGE_STANDARD = "gnu++14";
				CLANG_CXX_LIBRARY = "libc++";
				CLANG_ENABLE_MODULES = YES;
				CLANG_ENABLE_OBJC_ARC = YES;
				CLANG_ENABLE_OBJC_WEAK = YES;
				CLANG_WARN_BLOCK_CAPTURE_AUTORELEASING = YES;
				CLANG_WARN_BOOL_CONVERSION = YES;
				CLANG_WARN_COMMA = YES;
				CLANG_WARN_CONSTANT_CONVERSION = YES;
				CLANG_WARN_DEPRECATED_OBJC_IMPLEMENTATIONS = YES;
				CLANG_WARN_DIRECT_OBJC_ISA_USAGE = YES_ERROR;
				CLANG_WARN_DOCUMENTATION_COMMENTS = YES;
				CLANG_WARN_EMPTY_BODY = YES;
				CLANG_WARN_ENUM_CONVERSION = YES;
				CLANG_WARN_INFINITE_RECURSION = YES;
				CLANG_WARN_INT_CONVERSION = YES;
				CLANG_WARN_NON_LITERAL_NULL_CONVERSION = YES;
				CLANG_WARN_OBJC_IMPLICIT_RETAIN_SELF = YES;
				CLANG_WARN_OBJC_LITERAL_CONVERSION = YES;
				CLANG_WARN_OBJC_ROOT_CLASS = YES_ERROR;
				CLANG_WARN_QUOTED_INCLUDE_IN_FRAMEWORK_HEADER = YES;
				CLANG_WARN_RANGE_LOOP_ANALYSIS = YES;
				CLANG_WARN_STRICT_PROTOTYPES = YES;
				CLANG_WARN_SUSPICIOUS_MOVE = YES;
				CLANG_WARN_UNGUARDED_AVAILABILITY = YES_AGGRESSIVE;
				CLANG_WARN_UNREACHABLE_CODE = YES;
				CLANG_WARN__DUPLICATE_METHOD_MATCH = YES;
				CODE_SIGN_IDENTITY = "iPhone Developer";
				COPY_PHASE_STRIP = NO;
				DEBUG_INFORMATION_FORMAT = dwarf;
				ENABLE_STRICT_OBJC_MSGSEND = YES;
				ENABLE_TESTABILITY = YES;
				GCC_C_LANGUAGE_STANDARD = gnu11;
				GCC_DYNAMIC_NO_PIC = NO;
				GCC_NO_COMMON_BLOCKS = YES;
				GCC_OPTIMIZATION_LEVEL = 0;
				GCC_PREPROCESSOR_DEFINITIONS = (
					"DEBUG=1",
					"$(inherited)",
				);
				GCC_WARN_64_TO_32_BIT_CONVERSION = YES;
				GCC_WARN_ABOUT_RETURN_TYPE = YES_ERROR;
				GCC_WARN_UNDECLARED_SELECTOR = YES;
				GCC_WARN_UNINITIALIZED_AUTOS = YES_AGGRESSIVE;
				GCC_WARN_UNUSED_FUNCTION = YES;
				GCC_WARN_UNUSED_VARIABLE = YES;
				IPHONEOS_DEPLOYMENT_TARGET = 12.1;
				MTL_ENABLE_DEBUG_INFO = INCLUDE_SOURCE;
				MTL_FAST_MATH = YES;
				ONLY_ACTIVE_ARCH = YES;
				SDKROOT = iphoneos;
				SWIFT_ACTIVE_COMPILATION_CONDITIONS = DEBUG;
				SWIFT_OPTIMIZATION_LEVEL = "-Onone";
			};
			name = Debug;
		};
		A895AED621934CA8006ACC1B /* Release */ = {
			isa = XCBuildConfiguration;
			buildSettings = {
				ALWAYS_SEARCH_USER_PATHS = NO;
				CLANG_ANALYZER_NONNULL = YES;
				CLANG_ANALYZER_NUMBER_OBJECT_CONVERSION = YES_AGGRESSIVE;
				CLANG_CXX_LANGUAGE_STANDARD = "gnu++14";
				CLANG_CXX_LIBRARY = "libc++";
				CLANG_ENABLE_MODULES = YES;
				CLANG_ENABLE_OBJC_ARC = YES;
				CLANG_ENABLE_OBJC_WEAK = YES;
				CLANG_WARN_BLOCK_CAPTURE_AUTORELEASING = YES;
				CLANG_WARN_BOOL_CONVERSION = YES;
				CLANG_WARN_COMMA = YES;
				CLANG_WARN_CONSTANT_CONVERSION = YES;
				CLANG_WARN_DEPRECATED_OBJC_IMPLEMENTATIONS = YES;
				CLANG_WARN_DIRECT_OBJC_ISA_USAGE = YES_ERROR;
				CLANG_WARN_DOCUMENTATION_COMMENTS = YES;
				CLANG_WARN_EMPTY_BODY = YES;
				CLANG_WARN_ENUM_CONVERSION = YES;
				CLANG_WARN_INFINITE_RECURSION = YES;
				CLANG_WARN_INT_CONVERSION = YES;
				CLANG_WARN_NON_LITERAL_NULL_CONVERSION = YES;
				CLANG_WARN_OBJC_IMPLICIT_RETAIN_SELF = YES;
				CLANG_WARN_OBJC_LITERAL_CONVERSION = YES;
				CLANG_WARN_OBJC_ROOT_CLASS = YES_ERROR;
				CLANG_WARN_QUOTED_INCLUDE_IN_FRAMEWORK_HEADER = YES;
				CLANG_WARN_RANGE_LOOP_ANALYSIS = YES;
				CLANG_WARN_STRICT_PROTOTYPES = YES;
				CLANG_WARN_SUSPICIOUS_MOVE = YES;
				CLANG_WARN_UNGUARDED_AVAILABILITY = YES_AGGRESSIVE;
				CLANG_WARN_UNREACHABLE_CODE = YES;
				CLANG_WARN__DUPLICATE_METHOD_MATCH = YES;
				CODE_SIGN_IDENTITY = "iPhone Developer";
				COPY_PHASE_STRIP = NO;
				DEBUG_INFORMATION_FORMAT = "dwarf-with-dsym";
				ENABLE_NS_ASSERTIONS = NO;
				ENABLE_STRICT_OBJC_MSGSEND = YES;
				GCC_C_LANGUAGE_STANDARD = gnu11;
				GCC_NO_COMMON_BLOCKS = YES;
				GCC_WARN_64_TO_32_BIT_CONVERSION = YES;
				GCC_WARN_ABOUT_RETURN_TYPE = YES_ERROR;
				GCC_WARN_UNDECLARED_SELECTOR = YES;
				GCC_WARN_UNINITIALIZED_AUTOS = YES_AGGRESSIVE;
				GCC_WARN_UNUSED_FUNCTION = YES;
				GCC_WARN_UNUSED_VARIABLE = YES;
				IPHONEOS_DEPLOYMENT_TARGET = 12.1;
				MTL_ENABLE_DEBUG_INFO = NO;
				MTL_FAST_MATH = YES;
				SDKROOT = iphoneos;
				SWIFT_COMPILATION_MODE = wholemodule;
				SWIFT_OPTIMIZATION_LEVEL = "-O";
				VALIDATE_PRODUCT = YES;
			};
			name = Release;
		};
		A895AED821934CA8006ACC1B /* Debug */ = {
			isa = XCBuildConfiguration;
			baseConfigurationReference = 036F62CECBF6F11C8CFD2F58 /* Pods-MyPlaces.debug.xcconfig */;
			buildSettings = {
				ASSETCATALOG_COMPILER_APPICON_NAME = AppIcon;
				CODE_SIGN_STYLE = Automatic;
				DEVELOPMENT_TEAM = 7Z7TVZTYBQ;
				INFOPLIST_FILE = MyPlaces/Info.plist;
				LD_RUNPATH_SEARCH_PATHS = (
					"$(inherited)",
					"@executable_path/Frameworks",
				);
				"PODS_XCFRAMEWORKS_BUILD_DIR[arch=*]" = "";
				PRODUCT_BUNDLE_IDENTIFIER = eng.swiftbook.MyPlaces;
				PRODUCT_NAME = "$(TARGET_NAME)";
				SWIFT_VERSION = 5.0;
				TARGETED_DEVICE_FAMILY = "1,2";
			};
			name = Debug;
		};
		A895AED921934CA8006ACC1B /* Release */ = {
			isa = XCBuildConfiguration;
			baseConfigurationReference = CDFE14C7CD898F50E2D0CAF5 /* Pods-MyPlaces.release.xcconfig */;
			buildSettings = {
				ASSETCATALOG_COMPILER_APPICON_NAME = AppIcon;
				CODE_SIGN_STYLE = Automatic;
				DEVELOPMENT_TEAM = 7Z7TVZTYBQ;
				INFOPLIST_FILE = MyPlaces/Info.plist;
				LD_RUNPATH_SEARCH_PATHS = (
					"$(inherited)",
					"@executable_path/Frameworks",
				);
				PRODUCT_BUNDLE_IDENTIFIER = eng.swiftbook.MyPlaces;
				PRODUCT_NAME = "$(TARGET_NAME)";
				SWIFT_VERSION = 5.0;
				TARGETED_DEVICE_FAMILY = "1,2";
			};
			name = Release;
		};
/* End XCBuildConfiguration section */

/* Begin XCConfigurationList section */
		2F2A60AA289C816800B7EAAF /* Build configuration list for PBXNativeTarget "MyPlacesUITests" */ = {
			isa = XCConfigurationList;
			buildConfigurations = (
				2F2A60AB289C816800B7EAAF /* Debug */,
				2F2A60AC289C816800B7EAAF /* Release */,
			);
			defaultConfigurationIsVisible = 0;
			defaultConfigurationName = Release;
		};
		A895AEC021934CA7006ACC1B /* Build configuration list for PBXProject "MyPlaces" */ = {
			isa = XCConfigurationList;
			buildConfigurations = (
				A895AED521934CA8006ACC1B /* Debug */,
				A895AED621934CA8006ACC1B /* Release */,
			);
			defaultConfigurationIsVisible = 0;
			defaultConfigurationName = Release;
		};
		A895AED721934CA8006ACC1B /* Build configuration list for PBXNativeTarget "MyPlaces" */ = {
			isa = XCConfigurationList;
			buildConfigurations = (
				A895AED821934CA8006ACC1B /* Debug */,
				A895AED921934CA8006ACC1B /* Release */,
			);
			defaultConfigurationIsVisible = 0;
			defaultConfigurationName = Release;
		};
/* End XCConfigurationList section */
	};
	rootObject = A895AEBD21934CA7006ACC1B /* Project object */;
}
